{
  "version": 4,
  "terraform_version": "0.12.29",
  "serial": 5,
  "lineage": "799acb52-e2a5-bfb2-c926-ae9754de75a2",
  "outputs": {
    "certificate_arn": {
      "value": "arn:aws:iam::579878096224:server-certificate/wildcard-certificate-ecs-service-test",
      "type": "string"
    }
  },
  "resources": [
    {
      "mode": "managed",
      "type": "aws_iam_server_certificate",
      "name": "service",
      "provider": "provider.aws",
      "instances": [
        {
          "schema_version": 0,
          "attributes": {
            "arn": "arn:aws:iam::579878096224:server-certificate/wildcard-certificate-ecs-service-test",
            "certificate_body": "97c4b8dd720715aafeb3b213c79280cb2b6584ab",
            "certificate_chain": null,
            "id": "ASCAYOA3NRVQGKK427BYU",
            "name": "wildcard-certificate-ecs-service-test",
            "name_prefix": null,
            "path": "/",
            "private_key": "34556030e1bae4e01e82a1f70429451b5c7e2f68"
          },
          "private": "bnVsbA=="
        }
      ]
    }
  ]
}
